
Microsoft Visual Studio Solution File, Format Version 11.00
# Visual Studio 2010
Project("{8BC9CEB8-8B4A-11D0-8D11-00A0C91BC942}") = "long_weekend", "long_weekend\long_weekend.vcxproj", "{826A4720-A60C-4F15-9CB0-97B8E3BF8028}"
EndProject
Global
	GlobalSection(SolutionConfigurationPlatforms) = preSolution
		Debug|Win32 = Debug|Win32
		Release|Win32 = Release|Win32
	EndGlobalSection
	GlobalSection(ProjectConfigurationPlatforms) = postSolution
		{826A4720-A60C-4F15-9CB0-97B8E3BF8028}.Debug|Win32.ActiveCfg = Debug|Win32
		{826A4720-A60C-4F15-9CB0-97B8E3BF8028}.Debug|Win32.Build.0 = Debug|Win32
		{826A4720-A60C-4F15-9CB0-97B8E3BF8028}.Release|Win32.ActiveCfg = Release|Win32
		{826A4720-A60C-4F15-9CB0-97B8E3BF8028}.Release|Win32.Build.0 = Release|Win32
	EndGlobalSection
	GlobalSection(SolutionProperties) = preSolution
		HideSolutionNode = FALSE
	EndGlobalSection
EndGlobal
